
Microsoft Visual Studio Solution File, Format Version 12.00
# Visual Studio Version 16
VisualStudioVersion = 16.0.30523.141
MinimumVisualStudioVersion = 10.0.40219.1
Project("{FAE04EC0-301F-11D3-BF4B-00C04F79EFBC}") = "unicode", "unicode\unicode.csproj", "{2CE4DFF3-9992-477E-A186-AE725958187E}"
EndProject
Global
	GlobalSection(SolutionConfigurationPlatforms) = preSolution
		Debug|Any CPU = Debug|Any CPU
		Release|Any CPU = Release|Any CPU
	EndGlobalSection
	GlobalSection(ProjectConfigurationPlatforms) = postSolution
		{2CE4DFF3-9992-477E-A186-AE725958187E}.Debug|Any CPU.ActiveCfg = Debug|Any CPU
		{2CE4DFF3-9992-477E-A186-AE725958187E}.Debug|Any CPU.Build.0 = Debug|Any CPU
		{2CE4DFF3-9992-477E-A186-AE725958187E}.Release|Any CPU.ActiveCfg = Release|Any CPU
		{2CE4DFF3-9992-477E-A186-AE725958187E}.Release|Any CPU.Build.0 = Release|Any CPU
	EndGlobalSection
	GlobalSection(SolutionProperties) = preSolution
		HideSolutionNode = FALSE
	EndGlobalSection
	GlobalSection(ExtensibilityGlobals) = postSolution
		SolutionGuid = {86B27D5E-6C99-44CD-A880-292A6FCDBEE3}
	EndGlobalSection
EndGlobal
